
Microsoft Visual Studio Solution File, Format Version 12.00
# Visual Studio Version 16
VisualStudioVersion = 16.0.29911.84
MinimumVisualStudioVersion = 10.0.40219.1
Project("{8BC9CEB8-8B4A-11D0-8D11-00A0C91BC942}") = "DialogueManagementScript", "DialogueManagementScript\DialogueManagementScript.vcxproj", "{709C242E-2FB4-462A-88F5-009D903C463F}"
EndProject
Global
	GlobalSection(SolutionConfigurationPlatforms) = preSolution
		Debug|x64 = Debug|x64
		Debug|x86 = Debug|x86
		Release|x64 = Release|x64
		Release|x86 = Release|x86
	EndGlobalSection
	GlobalSection(ProjectConfigurationPlatforms) = postSolution
		{709C242E-2FB4-462A-88F5-009D903C463F}.Debug|x64.ActiveCfg = Debug|x64
		{709C242E-2FB4-462A-88F5-009D903C463F}.Debug|x64.Build.0 = Debug|x64
		{709C242E-2FB4-462A-88F5-009D903C463F}.Debug|x86.ActiveCfg = Debug|Win32
		{709C242E-2FB4-462A-88F5-009D903C463F}.Debug|x86.Build.0 = Debug|Win32
		{709C242E-2FB4-462A-88F5-009D903C463F}.Release|x64.ActiveCfg = Release|x64
		{709C242E-2FB4-462A-88F5-009D903C463F}.Release|x64.Build.0 = Release|x64
		{709C242E-2FB4-462A-88F5-009D903C463F}.Release|x86.ActiveCfg = Release|Win32
		{709C242E-2FB4-462A-88F5-009D903C463F}.Release|x86.Build.0 = Release|Win32
	EndGlobalSection
	GlobalSection(SolutionProperties) = preSolution
		HideSolutionNode = FALSE
	EndGlobalSection
	GlobalSection(ExtensibilityGlobals) = postSolution
		SolutionGuid = {3F3B7427-4F15-495C-8609-9A4FB78D9127}
	EndGlobalSection
EndGlobal
